# THIS IS AN AUTOGENERATED FILE. DO NOT EDIT THIS FILE DIRECTLY.
# yarn lockfile v1


"@types/commander@^2.12.5":
  version "2.12.5"
  resolved "https://mirrors.tencent.com/npm/@types/commander/-/commander-2.12.5.tgz#8be6f1452747452c5b744275155ff358e9eda77e"
  integrity sha512-YXGZ/rz+s57VbzcvEV9fUoXeJlBt5HaKu5iUheiIWNsJs23bz6AnRuRiZBRVBLYyPnixNvVnuzM5pSaxr8Yp/g==
  dependencies:
    commander "*"

"@types/js-yaml@^4.0.9":
  version "4.0.9"
  resolved "https://mirrors.tencent.com/npm/@types/js-yaml/-/js-yaml-4.0.9.tgz#cd82382c4f902fed9691a2ed79ec68c5898af4c2"
  integrity sha512-k4MGaQl5TGo/iipqb2UDG2UwjXziSWkh0uysQelTlJpX1qGlpUZYm8PnO4DxG1qBomtJUdYJ6qR6xdIah10JLg==

"@types/linkify-it@^5":
  version "5.0.0"
  resolved "https://mirrors.tencent.com/npm/@types/linkify-it/-/linkify-it-5.0.0.tgz#21413001973106cda1c3a9b91eedd4ccd5469d76"
  integrity sha512-sVDA58zAw4eWAffKOaQH5/5j3XeayukzDk+ewSsnv3p4yJEZHCCzMDiZM8e0OUrRvmpGZ85jf4yDHkHsgBNr9Q==

"@types/markdown-it@^14.1.2":
  version "14.1.2"
  resolved "https://mirrors.tencent.com/npm/@types/markdown-it/-/markdown-it-14.1.2.tgz#57f2532a0800067d9b934f3521429a2e8bfb4c61"
  integrity sha512-promo4eFwuiW+TfGxhi+0x3czqTYJkG8qB17ZUJiVF10Xm7NLVRSLUsfRTU/6h1e24VvRnXCx+hG7li58lkzog==
  dependencies:
    "@types/linkify-it" "^5"
    "@types/mdurl" "^2"

"@types/mdurl@^2":
  version "2.0.0"
  resolved "https://mirrors.tencent.com/npm/@types/mdurl/-/mdurl-2.0.0.tgz#d43878b5b20222682163ae6f897b20447233bdfd"
  integrity sha512-RGdgjQUZba5p6QEFAVx2OGb8rQDL/cPRG7GiedRzMcJ1tYnUANBncjbSB1NRGwbvjcPeikRABz2nshyPk1bhWg==

"@types/mkdirp@^2.0.0":
  version "2.0.0"
  resolved "https://mirrors.tencent.com/npm/@types/mkdirp/-/mkdirp-2.0.0.tgz#d14f087a889c3744e7cc41e82ad762b047ebc636"
  integrity sha512-c/iUqMymAlxLAyIK3u5SzrwkrkyOdv1XDc91T+b5FsY7Jr6ERhUD19jJHOhPW4GD6tmN6mFEorfSdks525pwdQ==
  dependencies:
    mkdirp "*"

argparse@^2.0.1:
  version "2.0.1"
  resolved "https://registry.yarnpkg.com/argparse/-/argparse-2.0.1.tgz#246f50f3ca78a3240f6c997e8a9bd1eac49e4b38"
  integrity sha512-8+9WqebbFzpX9OR+Wa6O29asIogeRMzcGtAINdpMHHyAg10f05aSFVBbcEqGf/PXw1EjAZ+q2/bEBg3DvurK3Q==

commander@*:
  version "3.0.0"
  resolved "https://registry.yarnpkg.com/commander/-/commander-3.0.0.tgz#0641ea00838c7a964627f04cddc336a2deddd60a"
  integrity sha512-pl3QrGOBa9RZaslQiqnnKX2J068wcQw7j9AIaBQ9/JEp5RY6je4jKTImg0Bd+rpoONSe7GUFSgkxLeo17m3Pow==

commander@^14.0.2:
  version "14.0.2"
  resolved "https://mirrors.tencent.com/npm/commander/-/commander-14.0.2.tgz#b71fd37fe4069e4c3c7c13925252ada4eba14e8e"
  integrity sha512-TywoWNNRbhoD0BXs1P3ZEScW8W5iKrnbithIl0YH+uCmBd0QpPOA8yc82DS3BIE5Ma6FnBVUsJ7wVUDz4dvOWQ==

js-yaml@^4.1.1:
  version "4.1.1"
  resolved "https://mirrors.tencent.com/npm/js-yaml/-/js-yaml-4.1.1.tgz#854c292467705b699476e1a2decc0c8a3458806b"
  integrity sha512-qQKT4zQxXl8lLwBtHMWwaTcGfFOZviOJet3Oy/xmGk2gZH677CJM9EvtfdSkgWcATZhj/55JZ0rmy3myCT5lsA==
  dependencies:
    argparse "^2.0.1"

mkdirp@*, mkdirp@^3.0.1:
  version "3.0.1"
  resolved "https://mirrors.tencent.com/npm/mkdirp/-/mkdirp-3.0.1.tgz#e44e4c5607fb279c168241713cc6e0fea9adcb50"
  integrity sha512-+NsyUUAZDmo6YVHzL/stxSu3t9YS1iljliy3BSDrXJ/dkn1KYdmtZODGGjLcc9XLgVVpH4KshHB8XmZgMhaBXg==
